
Microsoft Visual Studio Solution File, Format Version 12.00
# Visual Studio 15
VisualStudioVersion = 15.0.26430.16
MinimumVisualStudioVersion = 10.0.40219.1
Project("{FAE04EC0-301F-11D3-BF4B-00C04F79EFBC}") = "Dev.ConsoleTests", "Dev.ConsoleTests\Dev.ConsoleTests.csproj", "{F694980A-157C-43C8-819C-0BF2ED77BD87}"
EndProject
Project("{FAE04EC0-301F-11D3-BF4B-00C04F79EFBC}") = "WpfApp1", "WpfApp1\WpfApp1.csproj", "{E7B4C764-1531-4C07-ACE8-CE27EB0A1C9E}"
EndProject
Project("{FAE04EC0-301F-11D3-BF4B-00C04F79EFBC}") = "WpfMVVM1", "WpfMVVM1\WpfMVVM1.csproj", "{2A66F907-8CF8-4F5D-A86F-7F1F7DC7C1A4}"
EndProject
Project("{FAE04EC0-301F-11D3-BF4B-00C04F79EFBC}") = "Utils", "Utils\Utils.csproj", "{30EBF4DF-42E1-4849-97BC-75C2D4CA194D}"
EndProject
Project("{FAE04EC0-301F-11D3-BF4B-00C04F79EFBC}") = "Calendar1", "Calendar1\Calendar1.csproj", "{47CA6B2D-A4D6-4F8C-BA8A-D21B780A7D68}"
EndProject
Project("{FAE04EC0-301F-11D3-BF4B-00C04F79EFBC}") = "Dev.SQLite", "Dev.SQLite\Dev.SQLite.csproj", "{2D6669F8-2AAD-4476-8342-560DC8C113F7}"
EndProject
Project("{9A19103F-16F7-4668-BE54-9A1E7A4F7556}") = "Model", "Model\Model.csproj", "{DAF343A1-F05F-4F43-98B2-2AF5CF8F67A6}"
EndProject
Project("{9A19103F-16F7-4668-BE54-9A1E7A4F7556}") = "NoteData", "NoteData\NoteData.csproj", "{FAACADA0-E230-4880-BA4A-DFC5BAA6B5FD}"
EndProject
Project("{FAE04EC0-301F-11D3-BF4B-00C04F79EFBC}") = "ScribbleNotes", "ScribbleNotes\ScribbleNotes.csproj", "{C8AF5345-17FC-4EC7-AFAB-74116BF9A998}"
EndProject
Project("{2150E333-8FDC-42A3-9474-1A3956D46DE8}") = "Utilities", "Utilities", "{5DE313CD-923D-4FAA-BB9C-5AAAE2779E2D}"
EndProject
Project("{FAE04EC0-301F-11D3-BF4B-00C04F79EFBC}") = "Utils2", "Utils2\Utils2.csproj", "{073921F3-B9CD-4427-A890-77F14C0F7900}"
EndProject
Project("{FAE04EC0-301F-11D3-BF4B-00C04F79EFBC}") = "Dev.ConsoleTestsCore", "Dev.ConsoleTestsCore\Dev.ConsoleTestsCore.csproj", "{50DE8A71-62E3-424D-8B38-F5210C2DE5A1}"
EndProject
Global
	GlobalSection(SolutionConfigurationPlatforms) = preSolution
		Debug|Any CPU = Debug|Any CPU
		Release|Any CPU = Release|Any CPU
	EndGlobalSection
	GlobalSection(ProjectConfigurationPlatforms) = postSolution
		{F694980A-157C-43C8-819C-0BF2ED77BD87}.Debug|Any CPU.ActiveCfg = Debug|Any CPU
		{F694980A-157C-43C8-819C-0BF2ED77BD87}.Debug|Any CPU.Build.0 = Debug|Any CPU
		{F694980A-157C-43C8-819C-0BF2ED77BD87}.Release|Any CPU.ActiveCfg = Release|Any CPU
		{F694980A-157C-43C8-819C-0BF2ED77BD87}.Release|Any CPU.Build.0 = Release|Any CPU
		{E7B4C764-1531-4C07-ACE8-CE27EB0A1C9E}.Debug|Any CPU.ActiveCfg = Debug|Any CPU
		{E7B4C764-1531-4C07-ACE8-CE27EB0A1C9E}.Debug|Any CPU.Build.0 = Debug|Any CPU
		{E7B4C764-1531-4C07-ACE8-CE27EB0A1C9E}.Release|Any CPU.ActiveCfg = Release|Any CPU
		{E7B4C764-1531-4C07-ACE8-CE27EB0A1C9E}.Release|Any CPU.Build.0 = Release|Any CPU
		{2A66F907-8CF8-4F5D-A86F-7F1F7DC7C1A4}.Debug|Any CPU.ActiveCfg = Debug|Any CPU
		{2A66F907-8CF8-4F5D-A86F-7F1F7DC7C1A4}.Debug|Any CPU.Build.0 = Debug|Any CPU
		{2A66F907-8CF8-4F5D-A86F-7F1F7DC7C1A4}.Release|Any CPU.ActiveCfg = Release|Any CPU
		{2A66F907-8CF8-4F5D-A86F-7F1F7DC7C1A4}.Release|Any CPU.Build.0 = Release|Any CPU
		{30EBF4DF-42E1-4849-97BC-75C2D4CA194D}.Debug|Any CPU.ActiveCfg = Debug|Any CPU
		{30EBF4DF-42E1-4849-97BC-75C2D4CA194D}.Debug|Any CPU.Build.0 = Debug|Any CPU
		{30EBF4DF-42E1-4849-97BC-75C2D4CA194D}.Release|Any CPU.ActiveCfg = Release|Any CPU
		{30EBF4DF-42E1-4849-97BC-75C2D4CA194D}.Release|Any CPU.Build.0 = Release|Any CPU
		{47CA6B2D-A4D6-4F8C-BA8A-D21B780A7D68}.Debug|Any CPU.ActiveCfg = Debug|Any CPU
		{47CA6B2D-A4D6-4F8C-BA8A-D21B780A7D68}.Debug|Any CPU.Build.0 = Debug|Any CPU
		{47CA6B2D-A4D6-4F8C-BA8A-D21B780A7D68}.Release|Any CPU.ActiveCfg = Release|Any CPU
		{47CA6B2D-A4D6-4F8C-BA8A-D21B780A7D68}.Release|Any CPU.Build.0 = Release|Any CPU
		{2D6669F8-2AAD-4476-8342-560DC8C113F7}.Debug|Any CPU.ActiveCfg = Debug|Any CPU
		{2D6669F8-2AAD-4476-8342-560DC8C113F7}.Debug|Any CPU.Build.0 = Debug|Any CPU
		{2D6669F8-2AAD-4476-8342-560DC8C113F7}.Release|Any CPU.ActiveCfg = Release|Any CPU
		{2D6669F8-2AAD-4476-8342-560DC8C113F7}.Release|Any CPU.Build.0 = Release|Any CPU
		{DAF343A1-F05F-4F43-98B2-2AF5CF8F67A6}.Debug|Any CPU.ActiveCfg = Debug|Any CPU
		{DAF343A1-F05F-4F43-98B2-2AF5CF8F67A6}.Debug|Any CPU.Build.0 = Debug|Any CPU
		{DAF343A1-F05F-4F43-98B2-2AF5CF8F67A6}.Release|Any CPU.ActiveCfg = Release|Any CPU
		{DAF343A1-F05F-4F43-98B2-2AF5CF8F67A6}.Release|Any CPU.Build.0 = Release|Any CPU
		{FAACADA0-E230-4880-BA4A-DFC5BAA6B5FD}.Debug|Any CPU.ActiveCfg = Debug|Any CPU
		{FAACADA0-E230-4880-BA4A-DFC5BAA6B5FD}.Debug|Any CPU.Build.0 = Debug|Any CPU
		{FAACADA0-E230-4880-BA4A-DFC5BAA6B5FD}.Release|Any CPU.ActiveCfg = Release|Any CPU
		{FAACADA0-E230-4880-BA4A-DFC5BAA6B5FD}.Release|Any CPU.Build.0 = Release|Any CPU
		{C8AF5345-17FC-4EC7-AFAB-74116BF9A998}.Debug|Any CPU.ActiveCfg = Debug|Any CPU
		{C8AF5345-17FC-4EC7-AFAB-74116BF9A998}.Debug|Any CPU.Build.0 = Debug|Any CPU
		{C8AF5345-17FC-4EC7-AFAB-74116BF9A998}.Release|Any CPU.ActiveCfg = Release|Any CPU
		{C8AF5345-17FC-4EC7-AFAB-74116BF9A998}.Release|Any CPU.Build.0 = Release|Any CPU
		{073921F3-B9CD-4427-A890-77F14C0F7900}.Debug|Any CPU.ActiveCfg = Debug|Any CPU
		{073921F3-B9CD-4427-A890-77F14C0F7900}.Debug|Any CPU.Build.0 = Debug|Any CPU
		{073921F3-B9CD-4427-A890-77F14C0F7900}.Release|Any CPU.ActiveCfg = Release|Any CPU
		{073921F3-B9CD-4427-A890-77F14C0F7900}.Release|Any CPU.Build.0 = Release|Any CPU
		{50DE8A71-62E3-424D-8B38-F5210C2DE5A1}.Debug|Any CPU.ActiveCfg = Debug|Any CPU
		{50DE8A71-62E3-424D-8B38-F5210C2DE5A1}.Debug|Any CPU.Build.0 = Debug|Any CPU
		{50DE8A71-62E3-424D-8B38-F5210C2DE5A1}.Release|Any CPU.ActiveCfg = Release|Any CPU
		{50DE8A71-62E3-424D-8B38-F5210C2DE5A1}.Release|Any CPU.Build.0 = Release|Any CPU
	EndGlobalSection
	GlobalSection(SolutionProperties) = preSolution
		HideSolutionNode = FALSE
	EndGlobalSection
	GlobalSection(NestedProjects) = preSolution
		{073921F3-B9CD-4427-A890-77F14C0F7900} = {5DE313CD-923D-4FAA-BB9C-5AAAE2779E2D}
	EndGlobalSection
	GlobalSection(ExtensibilityGlobals) = postSolution
		SolutionGuid = {ED74AC1C-02D7-4BC8-84D2-C55D2462106C}
	EndGlobalSection
EndGlobal
